{
  "name": "nodemail",
  "version": "1.0.0",
  "lockfileVersion": 1,
  "requires": true,
  "dependencies": {
    "@types/node": {
      "version": "13.9.2",
      "resolved": "https://registry.npmjs.org/@types/node/-/node-13.9.2.tgz",
      "integrity": "sha512-bnoqK579sAYrQbp73wwglccjJ4sfRdKU7WNEZ5FW4K2U6Kc0/eZ5kvXG0JKsEKFB50zrFmfFt52/cvBbZa7eXg=="
    },
    "abort-controller": {
      "version": "3.0.0",
      "resolved": "https://registry.npmjs.org/abort-controller/-/abort-controller-3.0.0.tgz",
      "integrity": "sha512-h8lQ8tacZYnR3vNQTgibj+tODHI5/+l06Au2Pcriv/Gmet0eaj4TwWH41sO9wnHDiQsEj19q0drzdWdeAHtweg==",
      "requires": {
        "event-target-shim": "^5.0.0"
      }
    },
    "agent-base": {
      "version": "4.3.0",
      "resolved": "https://registry.npmjs.org/agent-base/-/agent-base-4.3.0.tgz",
      "integrity": "sha512-salcGninV0nPrwpGNn4VTXBb1SOuXQBiqbrNXoeizJsHrsL6ERFM2Ne3JUSBWRE6aeNJI2ROP/WEEIDUiDe3cg==",
      "requires": {
        "es6-promisify": "^5.0.0"
      }
    },
    "base64-js": {
      "version": "1.3.1",
      "resolved": "https://registry.npmjs.org/base64-js/-/base64-js-1.3.1.tgz",
      "integrity": "sha512-mLQ4i2QO1ytvGWFWmcngKO//JXAQueZvwEKtjgQFM4jIK0kU+ytMfplL8j+n5mspOfjHwoAg+9yhb7BwAHm36g=="
    },
    "bignumber.js": {
      "version": "7.2.1",
      "resolved": "https://registry.npmjs.org/bignumber.js/-/bignumber.js-7.2.1.tgz",
      "integrity": "sha512-S4XzBk5sMB+Rcb/LNcpzXr57VRTxgAvaAEDAl1AwRx27j00hT84O6OkteE7u8UB3NuaaygCRrEpqox4uDOrbdQ=="
    },
    "boolbase": {
      "version": "1.0.0",
      "resolved": "https://registry.npmjs.org/boolbase/-/boolbase-1.0.0.tgz",
      "integrity": "sha1-aN/1++YMUes3cl6p4+0xDcwed24="
    },
    "buffer-equal-constant-time": {
      "version": "1.0.1",
      "resolved": "https://registry.npmjs.org/buffer-equal-constant-time/-/buffer-equal-constant-time-1.0.1.tgz",
      "integrity": "sha1-+OcRMvf/5uAaXJaXpMbz5I1cyBk="
    },
    "cheerio": {
      "version": "1.0.0-rc.3",
      "resolved": "https://registry.npmjs.org/cheerio/-/cheerio-1.0.0-rc.3.tgz",
      "integrity": "sha512-0td5ijfUPuubwLUu0OBoe98gZj8C/AA+RW3v67GPlGOrvxWjZmBXiBCRU+I8VEiNyJzjth40POfHiz2RB3gImA==",
      "requires": {
        "css-select": "~1.2.0",
        "dom-serializer": "~0.1.1",
        "entities": "~1.1.1",
        "htmlparser2": "^3.9.1",
        "lodash": "^4.15.0",
        "parse5": "^3.0.1"
      }
    },
    "css-select": {
      "version": "1.2.0",
      "resolved": "https://registry.npmjs.org/css-select/-/css-select-1.2.0.tgz",
      "integrity": "sha1-KzoRBTnFNV8c2NMUYj6HCxIeyFg=",
      "requires": {
        "boolbase": "~1.0.0",
        "css-what": "2.1",
        "domutils": "1.5.1",
        "nth-check": "~1.0.1"
      }
    },
    "css-what": {
      "version": "2.1.3",
      "resolved": "https://registry.npmjs.org/css-what/-/css-what-2.1.3.tgz",
      "integrity": "sha512-a+EPoD+uZiNfh+5fxw2nO9QwFa6nJe2Or35fGY6Ipw1R3R4AGz1d1TEZrCegvw2YTmZ0jXirGYlzxxpYSHwpEg=="
    },
    "debug": {
      "version": "3.2.6",
      "resolved": "https://registry.npmjs.org/debug/-/debug-3.2.6.tgz",
      "integrity": "sha512-mel+jf7nrtEl5Pn1Qx46zARXKDpBbvzezse7p7LqINmdoIk8PYP5SySaxEmYv6TZ0JyEKA1hsCId6DIhgITtWQ==",
      "requires": {
        "ms": "^2.1.1"
      }
    },
    "dom-serializer": {
      "version": "0.1.1",
      "resolved": "https://registry.npmjs.org/dom-serializer/-/dom-serializer-0.1.1.tgz",
      "integrity": "sha512-l0IU0pPzLWSHBcieZbpOKgkIn3ts3vAh7ZuFyXNwJxJXk/c4Gwj9xaTJwIDVQCXawWD0qb3IzMGH5rglQaO0XA==",
      "requires": {
        "domelementtype": "^1.3.0",
        "entities": "^1.1.1"
      }
    },
    "domelementtype": {
      "version": "1.3.1",
      "resolved": "https://registry.npmjs.org/domelementtype/-/domelementtype-1.3.1.tgz",
      "integrity": "sha512-BSKB+TSpMpFI/HOxCNr1O8aMOTZ8hT3pM3GQ0w/mWRmkhEDSFJkkyzz4XQsBV44BChwGkrDfMyjVD0eA2aFV3w=="
    },
    "domhandler": {
      "version": "2.4.2",
      "resolved": "https://registry.npmjs.org/domhandler/-/domhandler-2.4.2.tgz",
      "integrity": "sha512-JiK04h0Ht5u/80fdLMCEmV4zkNh2BcoMFBmZ/91WtYZ8qVXSKjiw7fXMgFPnHcSZgOo3XdinHvmnDUeMf5R4wA==",
      "requires": {
        "domelementtype": "1"
      }
    },
    "domutils": {
      "version": "1.5.1",
      "resolved": "https://registry.npmjs.org/domutils/-/domutils-1.5.1.tgz",
      "integrity": "sha1-3NhIiib1Y9YQeeSMn3t+Mjc2gs8=",
      "requires": {
        "dom-serializer": "0",
        "domelementtype": "1"
      }
    },
    "ecdsa-sig-formatter": {
      "version": "1.0.11",
      "resolved": "https://registry.npmjs.org/ecdsa-sig-formatter/-/ecdsa-sig-formatter-1.0.11.tgz",
      "integrity": "sha512-nagl3RYrbNv6kQkeJIpt6NJZy8twLB/2vtz6yN9Z4vRKHN4/QZJIEbqohALSgwKdnksuY3k5Addp5lg8sVoVcQ==",
      "requires": {
        "safe-buffer": "^5.0.1"
      }
    },
    "encoding-japanese": {
      "version": "1.0.30",
      "resolved": "https://registry.npmjs.org/encoding-japanese/-/encoding-japanese-1.0.30.tgz",
      "integrity": "sha512-bd/DFLAoJetvv7ar/KIpE3CNO8wEuyrt9Xuw6nSMiZ+Vrz/Q21BPsMHvARL2Wz6IKHKXgb+DWZqtRg1vql9cBg=="
    },
    "entities": {
      "version": "1.1.2",
      "resolved": "https://registry.npmjs.org/entities/-/entities-1.1.2.tgz",
      "integrity": "sha512-f2LZMYl1Fzu7YSBKg+RoROelpOaNrcGmE9AZubeDfrCEia483oW4MI4VyFd5VNHIgQ/7qm1I0wUHK1eJnn2y2w=="
    },
    "es6-promise": {
      "version": "4.2.8",
      "resolved": "https://registry.npmjs.org/es6-promise/-/es6-promise-4.2.8.tgz",
      "integrity": "sha512-HJDGx5daxeIvxdBxvG2cb9g4tEvwIk3i8+nhX0yGrYmZUzbkdg8QbDevheDB8gd0//uPj4c1EQua8Q+MViT0/w=="
    },
    "es6-promisify": {
      "version": "5.0.0",
      "resolved": "https://registry.npmjs.org/es6-promisify/-/es6-promisify-5.0.0.tgz",
      "integrity": "sha1-UQnWLz5W6pZ8S2NQWu8IKRyKUgM=",
      "requires": {
        "es6-promise": "^4.0.3"
      }
    },
    "event-target-shim": {
      "version": "5.0.1",
      "resolved": "https://registry.npmjs.org/event-target-shim/-/event-target-shim-5.0.1.tgz",
      "integrity": "sha512-i/2XbnSz/uxRCU6+NdVJgKWDTM427+MqYbkQzD321DuCQJUqOuJKIA0IM2+W2xtYHdKOmZ4dR6fExsd4SXL+WQ=="
    },
    "extend": {
      "version": "3.0.2",
      "resolved": "https://registry.npmjs.org/extend/-/extend-3.0.2.tgz",
      "integrity": "sha512-fjquC59cD7CyW6urNXK0FBufkZcoiGG80wTuPujX590cB5Ttln20E2UB4S/WARVqhXffZl2LNgS+gQdPIIim/g=="
    },
    "fast-text-encoding": {
      "version": "1.0.1",
      "resolved": "https://registry.npmjs.org/fast-text-encoding/-/fast-text-encoding-1.0.1.tgz",
      "integrity": "sha512-x4FEgaz3zNRtJfLFqJmHWxkMDDvXVtaznj2V9jiP8ACUJrUgist4bP9FmDL2Vew2Y9mEQI/tG4GqabaitYp9CQ=="
    },
    "gaxios": {
      "version": "1.8.4",
      "resolved": "https://registry.npmjs.org/gaxios/-/gaxios-1.8.4.tgz",
      "integrity": "sha512-BoENMnu1Gav18HcpV9IleMPZ9exM+AvUjrAOV4Mzs/vfz2Lu/ABv451iEXByKiMPn2M140uul1txXCg83sAENw==",
      "requires": {
        "abort-controller": "^3.0.0",
        "extend": "^3.0.2",
        "https-proxy-agent": "^2.2.1",
        "node-fetch": "^2.3.0"
      }
    },
    "gcp-metadata": {
      "version": "1.0.0",
      "resolved": "https://registry.npmjs.org/gcp-metadata/-/gcp-metadata-1.0.0.tgz",
      "integrity": "sha512-Q6HrgfrCQeEircnNP3rCcEgiDv7eF9+1B+1MMgpE190+/+0mjQR8PxeOaRgxZWmdDAF9EIryHB9g1moPiw1SbQ==",
      "requires": {
        "gaxios": "^1.0.2",
        "json-bigint": "^0.3.0"
      }
    },
    "google-auth-library": {
      "version": "3.1.2",
      "resolved": "https://registry.npmjs.org/google-auth-library/-/google-auth-library-3.1.2.tgz",
      "integrity": "sha512-cDQMzTotwyWMrg5jRO7q0A4TL/3GWBgO7I7q5xGKNiiFf9SmGY/OJ1YsLMgI2MVHHsEGyrqYnbnmV1AE+Z6DnQ==",
      "requires": {
        "base64-js": "^1.3.0",
        "fast-text-encoding": "^1.0.0",
        "gaxios": "^1.2.1",
        "gcp-metadata": "^1.0.0",
        "gtoken": "^2.3.2",
        "https-proxy-agent": "^2.2.1",
        "jws": "^3.1.5",
        "lru-cache": "^5.0.0",
        "semver": "^5.5.0"
      }
    },
    "google-p12-pem": {
      "version": "1.0.4",
      "resolved": "https://registry.npmjs.org/google-p12-pem/-/google-p12-pem-1.0.4.tgz",
      "integrity": "sha512-SwLAUJqUfTB2iS+wFfSS/G9p7bt4eWcc2LyfvmUXe7cWp6p3mpxDo6LLI29MXdU6wvPcQ/up298X7GMC5ylAlA==",
      "requires": {
        "node-forge": "^0.8.0",
        "pify": "^4.0.0"
      }
    },
    "googleapis": {
      "version": "39.2.0",
      "resolved": "https://registry.npmjs.org/googleapis/-/googleapis-39.2.0.tgz",
      "integrity": "sha512-66X8TG1B33zAt177sG1CoKoYHPP/B66tEpnnSANGCqotMuY5gqSQO8G/0gqHZR2jRgc5CHSSNOJCnpI0SuDxMQ==",
      "requires": {
        "google-auth-library": "^3.0.0",
        "googleapis-common": "^0.7.0"
      }
    },
    "googleapis-common": {
      "version": "0.7.2",
      "resolved": "https://registry.npmjs.org/googleapis-common/-/googleapis-common-0.7.2.tgz",
      "integrity": "sha512-9DEJIiO4nS7nw0VE1YVkEfXEj8x8MxsuB+yZIpOBULFSN9OIKcUU8UuKgSZFU4lJmRioMfngktrbkMwWJcUhQg==",
      "requires": {
        "gaxios": "^1.2.2",
        "google-auth-library": "^3.0.0",
        "pify": "^4.0.0",
        "qs": "^6.5.2",
        "url-template": "^2.0.8",
        "uuid": "^3.2.1"
      }
    },
    "gtoken": {
      "version": "2.3.3",
      "resolved": "https://registry.npmjs.org/gtoken/-/gtoken-2.3.3.tgz",
      "integrity": "sha512-EaB49bu/TCoNeQjhCYKI/CurooBKkGxIqFHsWABW0b25fobBYVTMe84A8EBVVZhl8emiUdNypil9huMOTmyAnw==",
      "requires": {
        "gaxios": "^1.0.4",
        "google-p12-pem": "^1.0.0",
        "jws": "^3.1.5",
        "mime": "^2.2.0",
        "pify": "^4.0.0"
      }
    },
    "he": {
      "version": "1.2.0",
      "resolved": "https://registry.npmjs.org/he/-/he-1.2.0.tgz",
      "integrity": "sha512-F/1DnUGPopORZi0ni+CvrCgHQ5FyEAHRLSApuYWMmrbSwoN2Mn/7k+Gl38gJnR7yyDZk6WLXwiGod1JOWNDKGw=="
    },
    "html-to-text": {
      "version": "5.1.1",
      "resolved": "https://registry.npmjs.org/html-to-text/-/html-to-text-5.1.1.tgz",
      "integrity": "sha512-Bci6bD/JIfZSvG4s0gW/9mMKwBRoe/1RWLxUME/d6WUSZCdY7T60bssf/jFf7EYXRyqU4P5xdClVqiYU0/ypdA==",
      "requires": {
        "he": "^1.2.0",
        "htmlparser2": "^3.10.1",
        "lodash": "^4.17.11",
        "minimist": "^1.2.0"
      }
    },
    "htmlparser2": {
      "version": "3.10.1",
      "resolved": "https://registry.npmjs.org/htmlparser2/-/htmlparser2-3.10.1.tgz",
      "integrity": "sha512-IgieNijUMbkDovyoKObU1DUhm1iwNYE/fuifEoEHfd1oZKZDaONBSkal7Y01shxsM49R4XaMdGez3WnF9UfiCQ==",
      "requires": {
        "domelementtype": "^1.3.1",
        "domhandler": "^2.3.0",
        "domutils": "^1.5.1",
        "entities": "^1.1.1",
        "inherits": "^2.0.1",
        "readable-stream": "^3.1.1"
      }
    },
    "https-proxy-agent": {
      "version": "2.2.4",
      "resolved": "https://registry.npmjs.org/https-proxy-agent/-/https-proxy-agent-2.2.4.tgz",
      "integrity": "sha512-OmvfoQ53WLjtA9HeYP9RNrWMJzzAz1JGaSFr1nijg0PVR1JaD/xbJq1mdEIIlxGpXp9eSe/O2LgU9DJmTPd0Eg==",
      "requires": {
        "agent-base": "^4.3.0",
        "debug": "^3.1.0"
      }
    },
    "iconv-lite": {
      "version": "0.5.0",
      "resolved": "https://registry.npmjs.org/iconv-lite/-/iconv-lite-0.5.0.tgz",
      "integrity": "sha512-NnEhI9hIEKHOzJ4f697DMz9IQEXr/MMJ5w64vN2/4Ai+wRnvV7SBrL0KLoRlwaKVghOc7LQ5YkPLuX146b6Ydw==",
      "requires": {
        "safer-buffer": ">= 2.1.2 < 3"
      }
    },
    "inherits": {
      "version": "2.0.4",
      "resolved": "https://registry.npmjs.org/inherits/-/inherits-2.0.4.tgz",
      "integrity": "sha512-k/vGaX4/Yla3WzyMCvTQOXYeIHvqOKtnqBduzTHpzpQZzAskKMhZ2K+EnBiSM9zGSoIFeMpXKxa4dYeZIQqewQ=="
    },
    "is-docker": {
      "version": "2.0.0",
      "resolved": "https://registry.npmjs.org/is-docker/-/is-docker-2.0.0.tgz",
      "integrity": "sha512-pJEdRugimx4fBMra5z2/5iRdZ63OhYV0vr0Dwm5+xtW4D1FvRkB8hamMIhnWfyJeDdyr/aa7BDyNbtG38VxgoQ=="
    },
    "is-wsl": {
      "version": "2.1.1",
      "resolved": "https://registry.npmjs.org/is-wsl/-/is-wsl-2.1.1.tgz",
      "integrity": "sha512-umZHcSrwlDHo2TGMXv0DZ8dIUGunZ2Iv68YZnrmCiBPkZ4aaOhtv7pXJKeki9k3qJ3RJr0cDyitcl5wEH3AYog=="
    },
    "js-base64": {
      "version": "2.5.2",
      "resolved": "https://registry.npmjs.org/js-base64/-/js-base64-2.5.2.tgz",
      "integrity": "sha512-Vg8czh0Q7sFBSUMWWArX/miJeBWYBPpdU/3M/DKSaekLMqrqVPaedp+5mZhie/r0lgrcaYBfwXatEew6gwgiQQ=="
    },
    "json-bigint": {
      "version": "0.3.0",
      "resolved": "https://registry.npmjs.org/json-bigint/-/json-bigint-0.3.0.tgz",
      "integrity": "sha1-DM2RLEuCcNBfBW+9E4FLU9OCWx4=",
      "requires": {
        "bignumber.js": "^7.0.0"
      }
    },
    "jwa": {
      "version": "1.4.1",
      "resolved": "https://registry.npmjs.org/jwa/-/jwa-1.4.1.tgz",
      "integrity": "sha512-qiLX/xhEEFKUAJ6FiBMbes3w9ATzyk5W7Hvzpa/SLYdxNtng+gcurvrI7TbACjIXlsJyr05/S1oUhZrc63evQA==",
      "requires": {
        "buffer-equal-constant-time": "1.0.1",
        "ecdsa-sig-formatter": "1.0.11",
        "safe-buffer": "^5.0.1"
      }
    },
    "jws": {
      "version": "3.2.2",
      "resolved": "https://registry.npmjs.org/jws/-/jws-3.2.2.tgz",
      "integrity": "sha512-YHlZCB6lMTllWDtSPHz/ZXTsi8S00usEV6v1tjq8tOUZzw7DpSDWVXjXDre6ed1w/pd495ODpHZYSdkRTsa0HA==",
      "requires": {
        "jwa": "^1.4.1",
        "safe-buffer": "^5.0.1"
      }
    },
    "libbase64": {
      "version": "1.2.1",
      "resolved": "https://registry.npmjs.org/libbase64/-/libbase64-1.2.1.tgz",
      "integrity": "sha512-l+nePcPbIG1fNlqMzrh68MLkX/gTxk/+vdvAb388Ssi7UuUN31MI44w4Yf33mM3Cm4xDfw48mdf3rkdHszLNew=="
    },
    "libmime": {
      "version": "4.2.1",
      "resolved": "https://registry.npmjs.org/libmime/-/libmime-4.2.1.tgz",
      "integrity": "sha512-09y7zjSc5im1aNsq815zgo4/G3DnIzym3aDOHsGq4Ee5vrX4PdgQRybAsztz9Rv0NhO+J5C0llEUloa3sUmjmA==",
      "requires": {
        "encoding-japanese": "1.0.30",
        "iconv-lite": "0.5.0",
        "libbase64": "1.2.1",
        "libqp": "1.1.0"
      }
    },
    "libqp": {
      "version": "1.1.0",
      "resolved": "https://registry.npmjs.org/libqp/-/libqp-1.1.0.tgz",
      "integrity": "sha1-9ebgatdLeU+1tbZpiL9yjvHe2+g="
    },
    "linkify-it": {
      "version": "2.2.0",
      "resolved": "https://registry.npmjs.org/linkify-it/-/linkify-it-2.2.0.tgz",
      "integrity": "sha512-GnAl/knGn+i1U/wjBz3akz2stz+HrHLsxMwHQGofCDfPvlf+gDKN58UtfmUquTY4/MXeE2x7k19KQmeoZi94Iw==",
      "requires": {
        "uc.micro": "^1.0.1"
      }
    },
    "lodash": {
      "version": "4.17.21",
      "resolved": "https://registry.npmjs.org/lodash/-/lodash-4.17.21.tgz",
      "integrity": "sha512-v2kDEe57lecTulaDIuNTPy3Ry4gLGJ6Z1O3vE1krgXZNrsQ+LFTGHVxVjcXPs17LhbZVGedAJv8XZ1tvj5FvSg=="
    },
    "lru-cache": {
      "version": "5.1.1",
      "resolved": "https://registry.npmjs.org/lru-cache/-/lru-cache-5.1.1.tgz",
      "integrity": "sha512-KpNARQA3Iwv+jTA0utUVVbrh+Jlrr1Fv0e56GGzAFOXN7dk/FviaDW8LHmK52DlcH4WP2n6gI8vN1aesBFgo9w==",
      "requires": {
        "yallist": "^3.0.2"
      }
    },
    "mailparser": {
      "version": "2.7.7",
      "resolved": "https://registry.npmjs.org/mailparser/-/mailparser-2.7.7.tgz",
      "integrity": "sha512-FcVkXYm+zIg59HNPINGQw99eMTvcAkmQZHmabF8aSeMZ6/vWkx0HdT6FpXApelfe5IKRk6nWEg+YAuuXZl9+Fg==",
      "requires": {
        "encoding-japanese": "1.0.30",
        "he": "1.2.0",
        "html-to-text": "5.1.1",
        "iconv-lite": "0.5.0",
        "libmime": "4.2.1",
        "linkify-it": "2.2.0",
        "mailsplit": "4.6.2",
        "nodemailer": "6.4.0",
        "tlds": "1.207.0"
      }
    },
    "mailsplit": {
      "version": "4.6.2",
      "resolved": "https://registry.npmjs.org/mailsplit/-/mailsplit-4.6.2.tgz",
      "integrity": "sha512-7Bw2R0QfORXexGGQCEK64EeShHacUNyU5kV5F5sj4jPQB3ITe2v9KRqxD40wpuue6W/sBJlSNBZ0AypIeTGQMQ==",
      "requires": {
        "libbase64": "1.2.1",
        "libmime": "4.2.1",
        "libqp": "1.1.0"
      }
    },
    "mime": {
      "version": "2.4.4",
      "resolved": "https://registry.npmjs.org/mime/-/mime-2.4.4.tgz",
      "integrity": "sha512-LRxmNwziLPT828z+4YkNzloCFC2YM4wrB99k+AV5ZbEyfGNWfG8SO1FUXLmLDBSo89NrJZ4DIWeLjy1CHGhMGA=="
    },
    "minimist": {
      "version": "1.2.5",
      "resolved": "https://registry.npmjs.org/minimist/-/minimist-1.2.5.tgz",
      "integrity": "sha512-FM9nNUYrRBAELZQT3xeZQ7fmMOBg6nWNmJKTcgsJeaLstP/UODVpGsr5OhXhhXg6f+qtJ8uiZ+PUxkDWcgIXLw=="
    },
    "ms": {
      "version": "2.1.2",
      "resolved": "https://registry.npmjs.org/ms/-/ms-2.1.2.tgz",
      "integrity": "sha512-sGkPx+VjMtmA6MX27oA4FBFELFCZZ4S4XqeGOXCv68tT+jb3vk/RyaKWP0PTKyWtmLSM0b+adUTEvbs1PEaH2w=="
    },
    "node-fetch": {
      "version": "2.6.0",
      "resolved": "https://registry.npmjs.org/node-fetch/-/node-fetch-2.6.0.tgz",
      "integrity": "sha512-8dG4H5ujfvFiqDmVu9fQ5bOHUC15JMjMY/Zumv26oOvvVJjM67KF8koCWIabKQ1GJIa9r2mMZscBq/TbdOcmNA=="
    },
    "node-forge": {
      "version": "0.8.5",
      "resolved": "https://registry.npmjs.org/node-forge/-/node-forge-0.8.5.tgz",
      "integrity": "sha512-vFMQIWt+J/7FLNyKouZ9TazT74PRV3wgv9UT4cRjC8BffxFbKXkgIWR42URCPSnHm/QDz6BOlb2Q0U4+VQT67Q=="
    },
    "nodemailer": {
      "version": "6.4.0",
      "resolved": "https://registry.npmjs.org/nodemailer/-/nodemailer-6.4.0.tgz",
      "integrity": "sha512-UBqPOfQGD1cM3HnjhuQe+0u3DWx47WWK7lBjG5UtPnGOysr7oDK5lNCzcjK6zzeBSdTk4m1tGx1xNbWFZQmMNA=="
    },
    "nth-check": {
      "version": "1.0.2",
      "resolved": "https://registry.npmjs.org/nth-check/-/nth-check-1.0.2.tgz",
      "integrity": "sha512-WeBOdju8SnzPN5vTUJYxYUxLeXpCaVP5i5e0LF8fg7WORF2Wd7wFX/pk0tYZk7s8T+J7VLy0Da6J1+wCT0AtHg==",
      "requires": {
        "boolbase": "~1.0.0"
      }
    },
    "open": {
      "version": "7.0.3",
      "resolved": "https://registry.npmjs.org/open/-/open-7.0.3.tgz",
      "integrity": "sha512-sP2ru2v0P290WFfv49Ap8MF6PkzGNnGlAwHweB4WR4mr5d2d0woiCluUeJ218w7/+PmoBy9JmYgD5A4mLcWOFA==",
      "requires": {
        "is-docker": "^2.0.0",
        "is-wsl": "^2.1.1"
      }
    },
    "parse5": {
      "version": "3.0.3",
      "resolved": "https://registry.npmjs.org/parse5/-/parse5-3.0.3.tgz",
      "integrity": "sha512-rgO9Zg5LLLkfJF9E6CCmXlSE4UVceloys8JrFqCcHloC3usd/kJCyPDwH2SOlzix2j3xaP9sUX3e8+kvkuleAA==",
      "requires": {
        "@types/node": "*"
      }
    },
    "pify": {
      "version": "4.0.1",
      "resolved": "https://registry.npmjs.org/pify/-/pify-4.0.1.tgz",
      "integrity": "sha512-uB80kBFb/tfd68bVleG9T5GGsGPjJrLAUpR5PZIrhBnIaRTQRjqdJSsIKkOP6OAIFbj7GOrcudc5pNjZ+geV2g=="
    },
    "qs": {
      "version": "6.9.1",
      "resolved": "https://registry.npmjs.org/qs/-/qs-6.9.1.tgz",
      "integrity": "sha512-Cxm7/SS/y/Z3MHWSxXb8lIFqgqBowP5JMlTUFyJN88y0SGQhVmZnqFK/PeuMX9LzUyWsqqhNxIyg0jlzq946yA=="
    },
    "readable-stream": {
      "version": "3.6.0",
      "resolved": "https://registry.npmjs.org/readable-stream/-/readable-stream-3.6.0.tgz",
      "integrity": "sha512-BViHy7LKeTz4oNnkcLJ+lVSL6vpiFeX6/d3oSH8zCW7UxP2onchk+vTGB143xuFjHS3deTgkKoXXymXqymiIdA==",
      "requires": {
        "inherits": "^2.0.3",
        "string_decoder": "^1.1.1",
        "util-deprecate": "^1.0.1"
      }
    },
    "safe-buffer": {
      "version": "5.2.0",
      "resolved": "https://registry.npmjs.org/safe-buffer/-/safe-buffer-5.2.0.tgz",
      "integrity": "sha512-fZEwUGbVl7kouZs1jCdMLdt95hdIv0ZeHg6L7qPeciMZhZ+/gdesW4wgTARkrFWEpspjEATAzUGPG8N2jJiwbg=="
    },
    "safer-buffer": {
      "version": "2.1.2",
      "resolved": "https://registry.npmjs.org/safer-buffer/-/safer-buffer-2.1.2.tgz",
      "integrity": "sha512-YZo3K82SD7Riyi0E1EQPojLz7kpepnSQI9IyPbHHg1XXXevb5dJI7tpyN2ADxGcQbHG7vcyRHk0cbwqcQriUtg=="
    },
    "semver": {
      "version": "5.7.1",
      "resolved": "https://registry.npmjs.org/semver/-/semver-5.7.1.tgz",
      "integrity": "sha512-sauaDf/PZdVgrLTNYHRtpXa1iRiKcaebiKQ1BJdpQlWH2lCvexQdX55snPFyK7QzpudqbCI0qXFfOasHdyNDGQ=="
    },
    "string_decoder": {
      "version": "1.3.0",
      "resolved": "https://registry.npmjs.org/string_decoder/-/string_decoder-1.3.0.tgz",
      "integrity": "sha512-hkRX8U1WjJFd8LsDJ2yQ/wWWxaopEsABU1XfkM8A+j0+85JAGppt16cr1Whg6KIbb4okU6Mql6BOj+uup/wKeA==",
      "requires": {
        "safe-buffer": "~5.2.0"
      }
    },
    "tlds": {
      "version": "1.207.0",
      "resolved": "https://registry.npmjs.org/tlds/-/tlds-1.207.0.tgz",
      "integrity": "sha512-k7d7Q1LqjtAvhtEOs3yN14EabsNO8ZCoY6RESSJDB9lst3bTx3as/m1UuAeCKzYxiyhR1qq72ZPhpSf+qlqiwg=="
    },
    "uc.micro": {
      "version": "1.0.6",
      "resolved": "https://registry.npmjs.org/uc.micro/-/uc.micro-1.0.6.tgz",
      "integrity": "sha512-8Y75pvTYkLJW2hWQHXxoqRgV7qb9B+9vFEtidML+7koHUFapnVJAZ6cKs+Qjz5Aw3aZWHMC6u0wJE3At+nSGwA=="
    },
    "url-template": {
      "version": "2.0.8",
      "resolved": "https://registry.npmjs.org/url-template/-/url-template-2.0.8.tgz",
      "integrity": "sha1-/FZaPMy/93MMd19WQflVV5FDnyE="
    },
    "util-deprecate": {
      "version": "1.0.2",
      "resolved": "https://registry.npmjs.org/util-deprecate/-/util-deprecate-1.0.2.tgz",
      "integrity": "sha1-RQ1Nyfpw3nMnYvvS1KKJgUGaDM8="
    },
    "uuid": {
      "version": "3.4.0",
      "resolved": "https://registry.npmjs.org/uuid/-/uuid-3.4.0.tgz",
      "integrity": "sha512-HjSDRw6gZE5JMggctHBcjVak08+KEVhSIiDzFnT9S9aegmp85S/bReBVTb4QTFaRNptJ9kuYaNhnbNEOkbKb/A=="
    },
    "yallist": {
      "version": "3.1.1",
      "resolved": "https://registry.npmjs.org/yallist/-/yallist-3.1.1.tgz",
      "integrity": "sha512-a4UGQaWPH59mOXUYnAG2ewncQS4i4F43Tv3JoAM+s2VDAmS9NsK8GpDMLrCHPksFT7h3K6TOoUNn2pb7RoXx4g=="
    }
  }
}
